
Microsoft Visual Studio Solution File, Format Version 12.00
# Visual Studio Version 16
VisualStudioVersion = 16.0.31702.278
MinimumVisualStudioVersion = 10.0.40219.1
Project("{FAE04EC0-301F-11D3-BF4B-00C04F79EFBC}") = "Proyecto2", "Proyecto2\Proyecto2.csproj", "{B66D2C82-DAF6-4737-81F8-D811EA9EC19B}"
EndProject
Global
	GlobalSection(SolutionConfigurationPlatforms) = preSolution
		Debug|Any CPU = Debug|Any CPU
		Release|Any CPU = Release|Any CPU
	EndGlobalSection
	GlobalSection(ProjectConfigurationPlatforms) = postSolution
		{B66D2C82-DAF6-4737-81F8-D811EA9EC19B}.Debug|Any CPU.ActiveCfg = Debug|Any CPU
		{B66D2C82-DAF6-4737-81F8-D811EA9EC19B}.Debug|Any CPU.Build.0 = Debug|Any CPU
		{B66D2C82-DAF6-4737-81F8-D811EA9EC19B}.Release|Any CPU.ActiveCfg = Release|Any CPU
		{B66D2C82-DAF6-4737-81F8-D811EA9EC19B}.Release|Any CPU.Build.0 = Release|Any CPU
	EndGlobalSection
	GlobalSection(SolutionProperties) = preSolution
		HideSolutionNode = FALSE
	EndGlobalSection
	GlobalSection(ExtensibilityGlobals) = postSolution
		SolutionGuid = {54D13749-7A04-4422-A77D-0418BE820817}
	EndGlobalSection
EndGlobal
